<Solution>
  <Project Path="JobOrchestrator.Core/JobOrchestrator.Core.csproj" />
  <Project Path="JobOrchestrator.AspNetCore/JobOrchestrator.AspNetCore.csproj" />
  <Project Path="JobOrchestrator.Dashboard/JobOrchestrator.Dashboard.csproj" />
  <Project Path="Samples/JobOrchestrator.Api/JobOrchestrator.Api.csproj" />
</Solution>
